
Microsoft Visual Studio Solution File, Format Version 12.00
# Visual Studio Version 17
VisualStudioVersion = 17.7.34031.279
MinimumVisualStudioVersion = 10.0.40219.1
Project("{FAE04EC0-301F-11D3-BF4B-00C04F79EFBC}") = "REF_XML_REQUEST", "REF_XML_REQUEST.csproj", "{59E9B449-17D8-4608-A2C0-B81F3E7FB5CC}"
EndProject
Global
	GlobalSection(SolutionConfigurationPlatforms) = preSolution
		Debug|Any CPU = Debug|Any CPU
		Release|Any CPU = Release|Any CPU
	EndGlobalSection
	GlobalSection(ProjectConfigurationPlatforms) = postSolution
		{59E9B449-17D8-4608-A2C0-B81F3E7FB5CC}.Debug|Any CPU.ActiveCfg = Debug|Any CPU
		{59E9B449-17D8-4608-A2C0-B81F3E7FB5CC}.Debug|Any CPU.Build.0 = Debug|Any CPU
		{59E9B449-17D8-4608-A2C0-B81F3E7FB5CC}.Release|Any CPU.ActiveCfg = Release|Any CPU
		{59E9B449-17D8-4608-A2C0-B81F3E7FB5CC}.Release|Any CPU.Build.0 = Release|Any CPU
	EndGlobalSection
	GlobalSection(SolutionProperties) = preSolution
		HideSolutionNode = FALSE
	EndGlobalSection
	GlobalSection(ExtensibilityGlobals) = postSolution
		SolutionGuid = {DDA62FCD-A564-4861-B3A1-C9A657817AA3}
	EndGlobalSection
EndGlobal
